Microsoft Visual Studio Solution File, Format Version 12.00
# Visual Studio Version 17
VisualStudioVersion = 17.5.2.0
MinimumVisualStudioVersion = 10.0.40219.1
Project("{FAE04EC0-301F-11D3-BF4B-00C04F79EFBC}") = "GetPapierek", "GetPapierek\GetPapierek.csproj", "{063ACB97-CE2F-7526-67B7-64A5D1FE1525}"
EndProject
Global
	GlobalSection(SolutionConfigurationPlatforms) = preSolution
		Debug|Any CPU = Debug|Any CPU
		Release|Any CPU = Release|Any CPU
	EndGlobalSection
	GlobalSection(ProjectConfigurationPlatforms) = postSolution
		{063ACB97-CE2F-7526-67B7-64A5D1FE1525}.Debug|Any CPU.ActiveCfg = Debug|Any CPU
		{063ACB97-CE2F-7526-67B7-64A5D1FE1525}.Debug|Any CPU.Build.0 = Debug|Any CPU
		{063ACB97-CE2F-7526-67B7-64A5D1FE1525}.Release|Any CPU.ActiveCfg = Release|Any CPU
		{063ACB97-CE2F-7526-67B7-64A5D1FE1525}.Release|Any CPU.Build.0 = Release|Any CPU
	EndGlobalSection
	GlobalSection(SolutionProperties) = preSolution
		HideSolutionNode = FALSE
	EndGlobalSection
	GlobalSection(ExtensibilityGlobals) = postSolution
		SolutionGuid = {D3F8392C-5B46-4F23-BC31-F8B343B328D4}
	EndGlobalSection
EndGlobal
